
Microsoft Visual Studio Solution File, Format Version 12.00
Project("{FAE04EC0-301F-11D3-BF4B-00C04F79EFBC}") = "Kirel.Identity.Core", "Kirel.Identity.Core\Kirel.Identity.Core.csproj", "{FC471085-86DB-4BD3-8EFA-4BCB9D458960}"
EndProject
Project("{FAE04EC0-301F-11D3-BF4B-00C04F79EFBC}") = "Kirel.Identity.Controllers", "Kirel.Identity.Controllers\Kirel.Identity.Controllers.csproj", "{6DB52252-E8C5-4C2C-BE6C-58281A35E38C}"
EndProject
Project("{FAE04EC0-301F-11D3-BF4B-00C04F79EFBC}") = "Kirel.Identity.DTOs", "Kirel.Identity.DTOs\Kirel.Identity.DTOs.csproj", "{E1CDFC76-ADCE-414F-9646-862D175DCFC6}"
EndProject
Project("{FAE04EC0-301F-11D3-BF4B-00C04F79EFBC}") = "Kirel.Identity.Jwt.Core", "Kirel.Identity.Jwt.Core\Kirel.Identity.Jwt.Core.csproj", "{E1E8B8C3-7DBC-467B-B0E8-344E388B2AE8}"
EndProject
Project("{FAE04EC0-301F-11D3-BF4B-00C04F79EFBC}") = "Kirel.Identity.Jwt.DTOs", "Kirel.Identity.Jwt.DTOs\Kirel.Identity.Jwt.DTOs.csproj", "{476EE6C5-1016-447D-B529-478CA95C970E}"
EndProject
Project("{FAE04EC0-301F-11D3-BF4B-00C04F79EFBC}") = "Kirel.Identity.Jwt.Controllers", "Kirel.Identity.Jwt.Controllers\Kirel.Identity.Jwt.Controllers.csproj", "{3CBF6C12-03DD-4B2E-BF5C-4631FFBCBF08}"
EndProject
Project("{FAE04EC0-301F-11D3-BF4B-00C04F79EFBC}") = "Kirel.Identity.Exceptions", "Kirel.Identity.Exceptions\Kirel.Identity.Exceptions.csproj", "{F21D6BA2-B878-48D4-95FA-FC6AFF6840BB}"
EndProject
Project("{FAE04EC0-301F-11D3-BF4B-00C04F79EFBC}") = "Kirel.Identity.Blazor.GUI", "Kirel.Identity.Blazor.GUI\Kirel.Identity.Blazor.GUI.csproj", "{748ECEA7-E499-43E2-90A3-5BFC4DA6A85F}"
EndProject
Project("{FAE04EC0-301F-11D3-BF4B-00C04F79EFBC}") = "Kirel.Identity.Client.Blazor", "Kirel.Identity.Client.Blazor\Kirel.Identity.Client.Blazor.csproj", "{C307A09E-7795-47DF-ADA2-ADE71857D9DE}"
EndProject
Project("{FAE04EC0-301F-11D3-BF4B-00C04F79EFBC}") = "Kirel.Identity.Client", "Kirel.Identity.Client\Kirel.Identity.Client.csproj", "{2E32FFA4-F453-4CF1-86C8-D1C9551F4BEE}"
EndProject
Project("{FAE04EC0-301F-11D3-BF4B-00C04F79EFBC}") = "Kirel.Identity.Client.Jwt", "Kirel.Identity.Client.Jwt\Kirel.Identity.Client.Jwt.csproj", "{00BF4A44-F8E5-43E4-83C7-7B216242802B}"
EndProject
Project("{FAE04EC0-301F-11D3-BF4B-00C04F79EFBC}") = "Kirel.Identity.Client.Blazor.Pages", "Kirel.Identity.Client.Blazor.Pages\Kirel.Identity.Client.Blazor.Pages.csproj", "{AEA8A8D7-C989-4978-8F03-7579C47111E4}"
EndProject
Project("{2150E333-8FDC-42A3-9474-1A3956D46DE8}") = "Frontend", "Frontend", "{4A5844AD-0C34-4147-82CF-75CEC7F39642}"
EndProject
Project("{2150E333-8FDC-42A3-9474-1A3956D46DE8}") = "Backend", "Backend", "{2AA3CA9B-7F37-4D4C-B79D-AF928FF02831}"
EndProject
Project("{2150E333-8FDC-42A3-9474-1A3956D46DE8}") = "Libraries", "Libraries", "{D5B5A629-B051-4E87-A71C-036D1516C764}"
EndProject
Project("{2150E333-8FDC-42A3-9474-1A3956D46DE8}") = "Shared", "Shared", "{00C2CCCA-D57E-49B1-A839-EF693B9D0D4D}"
EndProject
Project("{2150E333-8FDC-42A3-9474-1A3956D46DE8}") = "Runtime", "Runtime", "{B6BFD5C1-444D-44CA-A43E-4E7094220071}"
EndProject
Project("{2150E333-8FDC-42A3-9474-1A3956D46DE8}") = "Server", "Server", "{E2CCAAD6-4725-4FB4-BAC6-3834518C5743}"
EndProject
Project("{2150E333-8FDC-42A3-9474-1A3956D46DE8}") = "Shared", "Shared", "{4C0AD686-15A3-497E-B524-606038F69296}"
EndProject
Project("{2150E333-8FDC-42A3-9474-1A3956D46DE8}") = "Client", "Client", "{41BC3AB7-F060-4CFB-ACA2-671020A5F802}"
EndProject
Project("{FAE04EC0-301F-11D3-BF4B-00C04F79EFBC}") = "Kirel.Identity.Server.Swagger.Shared", "Kirel.Identity.Server.Swagger.Shared\Kirel.Identity.Server.Swagger.Shared.csproj", "{C5380B5C-DB61-4DD6-BEA8-9F8988BCFD23}"
EndProject
Project("{FAE04EC0-301F-11D3-BF4B-00C04F79EFBC}") = "Kirel.Identity.Middlewares", "Kirel.Identity.Middlewares\Kirel.Identity.Middlewares.csproj", "{13FCCB3F-0789-4741-B421-588F95D40F38}"
EndProject
Project("{FAE04EC0-301F-11D3-BF4B-00C04F79EFBC}") = "Kirel.Identity.Server.API", "Kirel.Identity.Server.API\Kirel.Identity.Server.API.csproj", "{7F4ECC44-05F0-454F-ABD8-74E7FA75913C}"
EndProject
Project("{FAE04EC0-301F-11D3-BF4B-00C04F79EFBC}") = "Kirel.Identity.Server.Core", "Kirel.Identity.Server.Core\Kirel.Identity.Server.Core.csproj", "{5EBBEF69-2471-4EE7-88FD-32C6725DD0F9}"
EndProject
Project("{FAE04EC0-301F-11D3-BF4B-00C04F79EFBC}") = "Kirel.Identity.Server.Infrastructure", "Kirel.Identity.Server.Infrastructure\Kirel.Identity.Server.Infrastructure.csproj", "{604B1AED-9924-4A3C-A468-490430169B31}"
EndProject
Project("{FAE04EC0-301F-11D3-BF4B-00C04F79EFBC}") = "Kirel.Identity.Server.Infrastructure.Shared", "Kirel.Identity.Server.Infrastructure.Shared\Kirel.Identity.Server.Infrastructure.Shared.csproj", "{F1D8850E-9290-4AFD-BE00-AD0EC82F45B6}"
EndProject
Project("{FAE04EC0-301F-11D3-BF4B-00C04F79EFBC}") = "Kirel.Identity.Server.Domain", "Kirel.Identity.Server.Domain\Kirel.Identity.Server.Domain.csproj", "{54D4CD18-05A8-49E4-B7FD-3C3EED932A8B}"
EndProject
Project("{FAE04EC0-301F-11D3-BF4B-00C04F79EFBC}") = "Kirel.Identity.Server.DTOs", "Kirel.Identity.Server.DTOs\Kirel.Identity.Server.DTOs.csproj", "{A35C7F9A-3EE0-4715-B1BA-B281815EF1DF}"
EndProject
Project("{FAE04EC0-301F-11D3-BF4B-00C04F79EFBC}") = "Kirel.Identity.Server.Jwt.Shared", "Kirel.Identity.Server.Jwt.Shared\Kirel.Identity.Server.Jwt.Shared.csproj", "{ADAC6059-326E-4F6D-8ECC-21B5BEBBF5E2}"
EndProject
Global
	GlobalSection(SolutionConfigurationPlatforms) = preSolution
		Debug|Any CPU = Debug|Any CPU
		Release|Any CPU = Release|Any CPU
	EndGlobalSection
	GlobalSection(ProjectConfigurationPlatforms) = postSolution
		{FC471085-86DB-4BD3-8EFA-4BCB9D458960}.Debug|Any CPU.ActiveCfg = Debug|Any CPU
		{FC471085-86DB-4BD3-8EFA-4BCB9D458960}.Debug|Any CPU.Build.0 = Debug|Any CPU
		{FC471085-86DB-4BD3-8EFA-4BCB9D458960}.Release|Any CPU.ActiveCfg = Release|Any CPU
		{FC471085-86DB-4BD3-8EFA-4BCB9D458960}.Release|Any CPU.Build.0 = Release|Any CPU
		{6DB52252-E8C5-4C2C-BE6C-58281A35E38C}.Debug|Any CPU.ActiveCfg = Debug|Any CPU
		{6DB52252-E8C5-4C2C-BE6C-58281A35E38C}.Debug|Any CPU.Build.0 = Debug|Any CPU
		{6DB52252-E8C5-4C2C-BE6C-58281A35E38C}.Release|Any CPU.ActiveCfg = Release|Any CPU
		{6DB52252-E8C5-4C2C-BE6C-58281A35E38C}.Release|Any CPU.Build.0 = Release|Any CPU
		{E1CDFC76-ADCE-414F-9646-862D175DCFC6}.Debug|Any CPU.ActiveCfg = Debug|Any CPU
		{E1CDFC76-ADCE-414F-9646-862D175DCFC6}.Debug|Any CPU.Build.0 = Debug|Any CPU
		{E1CDFC76-ADCE-414F-9646-862D175DCFC6}.Release|Any CPU.ActiveCfg = Release|Any CPU
		{E1CDFC76-ADCE-414F-9646-862D175DCFC6}.Release|Any CPU.Build.0 = Release|Any CPU
		{E1E8B8C3-7DBC-467B-B0E8-344E388B2AE8}.Debug|Any CPU.ActiveCfg = Debug|Any CPU
		{E1E8B8C3-7DBC-467B-B0E8-344E388B2AE8}.Debug|Any CPU.Build.0 = Debug|Any CPU
		{E1E8B8C3-7DBC-467B-B0E8-344E388B2AE8}.Release|Any CPU.ActiveCfg = Release|Any CPU
		{E1E8B8C3-7DBC-467B-B0E8-344E388B2AE8}.Release|Any CPU.Build.0 = Release|Any CPU
		{476EE6C5-1016-447D-B529-478CA95C970E}.Debug|Any CPU.ActiveCfg = Debug|Any CPU
		{476EE6C5-1016-447D-B529-478CA95C970E}.Debug|Any CPU.Build.0 = Debug|Any CPU
		{476EE6C5-1016-447D-B529-478CA95C970E}.Release|Any CPU.ActiveCfg = Release|Any CPU
		{476EE6C5-1016-447D-B529-478CA95C970E}.Release|Any CPU.Build.0 = Release|Any CPU
		{3CBF6C12-03DD-4B2E-BF5C-4631FFBCBF08}.Debug|Any CPU.ActiveCfg = Debug|Any CPU
		{3CBF6C12-03DD-4B2E-BF5C-4631FFBCBF08}.Debug|Any CPU.Build.0 = Debug|Any CPU
		{3CBF6C12-03DD-4B2E-BF5C-4631FFBCBF08}.Release|Any CPU.ActiveCfg = Release|Any CPU
		{3CBF6C12-03DD-4B2E-BF5C-4631FFBCBF08}.Release|Any CPU.Build.0 = Release|Any CPU
		{F21D6BA2-B878-48D4-95FA-FC6AFF6840BB}.Debug|Any CPU.ActiveCfg = Debug|Any CPU
		{F21D6BA2-B878-48D4-95FA-FC6AFF6840BB}.Debug|Any CPU.Build.0 = Debug|Any CPU
		{F21D6BA2-B878-48D4-95FA-FC6AFF6840BB}.Release|Any CPU.ActiveCfg = Release|Any CPU
		{F21D6BA2-B878-48D4-95FA-FC6AFF6840BB}.Release|Any CPU.Build.0 = Release|Any CPU
		{748ECEA7-E499-43E2-90A3-5BFC4DA6A85F}.Debug|Any CPU.ActiveCfg = Debug|Any CPU
		{748ECEA7-E499-43E2-90A3-5BFC4DA6A85F}.Debug|Any CPU.Build.0 = Debug|Any CPU
		{748ECEA7-E499-43E2-90A3-5BFC4DA6A85F}.Release|Any CPU.ActiveCfg = Release|Any CPU
		{748ECEA7-E499-43E2-90A3-5BFC4DA6A85F}.Release|Any CPU.Build.0 = Release|Any CPU
		{C307A09E-7795-47DF-ADA2-ADE71857D9DE}.Debug|Any CPU.ActiveCfg = Debug|Any CPU
		{C307A09E-7795-47DF-ADA2-ADE71857D9DE}.Debug|Any CPU.Build.0 = Debug|Any CPU
		{C307A09E-7795-47DF-ADA2-ADE71857D9DE}.Release|Any CPU.ActiveCfg = Release|Any CPU
		{C307A09E-7795-47DF-ADA2-ADE71857D9DE}.Release|Any CPU.Build.0 = Release|Any CPU
		{2E32FFA4-F453-4CF1-86C8-D1C9551F4BEE}.Debug|Any CPU.ActiveCfg = Debug|Any CPU
		{2E32FFA4-F453-4CF1-86C8-D1C9551F4BEE}.Debug|Any CPU.Build.0 = Debug|Any CPU
		{2E32FFA4-F453-4CF1-86C8-D1C9551F4BEE}.Release|Any CPU.ActiveCfg = Release|Any CPU
		{2E32FFA4-F453-4CF1-86C8-D1C9551F4BEE}.Release|Any CPU.Build.0 = Release|Any CPU
		{00BF4A44-F8E5-43E4-83C7-7B216242802B}.Debug|Any CPU.ActiveCfg = Debug|Any CPU
		{00BF4A44-F8E5-43E4-83C7-7B216242802B}.Debug|Any CPU.Build.0 = Debug|Any CPU
		{00BF4A44-F8E5-43E4-83C7-7B216242802B}.Release|Any CPU.ActiveCfg = Release|Any CPU
		{00BF4A44-F8E5-43E4-83C7-7B216242802B}.Release|Any CPU.Build.0 = Release|Any CPU
		{AEA8A8D7-C989-4978-8F03-7579C47111E4}.Debug|Any CPU.ActiveCfg = Debug|Any CPU
		{AEA8A8D7-C989-4978-8F03-7579C47111E4}.Debug|Any CPU.Build.0 = Debug|Any CPU
		{AEA8A8D7-C989-4978-8F03-7579C47111E4}.Release|Any CPU.ActiveCfg = Release|Any CPU
		{AEA8A8D7-C989-4978-8F03-7579C47111E4}.Release|Any CPU.Build.0 = Release|Any CPU
		{C5380B5C-DB61-4DD6-BEA8-9F8988BCFD23}.Debug|Any CPU.ActiveCfg = Debug|Any CPU
		{C5380B5C-DB61-4DD6-BEA8-9F8988BCFD23}.Debug|Any CPU.Build.0 = Debug|Any CPU
		{C5380B5C-DB61-4DD6-BEA8-9F8988BCFD23}.Release|Any CPU.ActiveCfg = Release|Any CPU
		{C5380B5C-DB61-4DD6-BEA8-9F8988BCFD23}.Release|Any CPU.Build.0 = Release|Any CPU
		{13FCCB3F-0789-4741-B421-588F95D40F38}.Debug|Any CPU.ActiveCfg = Debug|Any CPU
		{13FCCB3F-0789-4741-B421-588F95D40F38}.Debug|Any CPU.Build.0 = Debug|Any CPU
		{13FCCB3F-0789-4741-B421-588F95D40F38}.Release|Any CPU.ActiveCfg = Release|Any CPU
		{13FCCB3F-0789-4741-B421-588F95D40F38}.Release|Any CPU.Build.0 = Release|Any CPU
		{7F4ECC44-05F0-454F-ABD8-74E7FA75913C}.Debug|Any CPU.ActiveCfg = Debug|Any CPU
		{7F4ECC44-05F0-454F-ABD8-74E7FA75913C}.Debug|Any CPU.Build.0 = Debug|Any CPU
		{7F4ECC44-05F0-454F-ABD8-74E7FA75913C}.Release|Any CPU.ActiveCfg = Release|Any CPU
		{7F4ECC44-05F0-454F-ABD8-74E7FA75913C}.Release|Any CPU.Build.0 = Release|Any CPU
		{5EBBEF69-2471-4EE7-88FD-32C6725DD0F9}.Debug|Any CPU.ActiveCfg = Debug|Any CPU
		{5EBBEF69-2471-4EE7-88FD-32C6725DD0F9}.Debug|Any CPU.Build.0 = Debug|Any CPU
		{5EBBEF69-2471-4EE7-88FD-32C6725DD0F9}.Release|Any CPU.ActiveCfg = Release|Any CPU
		{5EBBEF69-2471-4EE7-88FD-32C6725DD0F9}.Release|Any CPU.Build.0 = Release|Any CPU
		{604B1AED-9924-4A3C-A468-490430169B31}.Debug|Any CPU.ActiveCfg = Debug|Any CPU
		{604B1AED-9924-4A3C-A468-490430169B31}.Debug|Any CPU.Build.0 = Debug|Any CPU
		{604B1AED-9924-4A3C-A468-490430169B31}.Release|Any CPU.ActiveCfg = Release|Any CPU
		{604B1AED-9924-4A3C-A468-490430169B31}.Release|Any CPU.Build.0 = Release|Any CPU
		{F1D8850E-9290-4AFD-BE00-AD0EC82F45B6}.Debug|Any CPU.ActiveCfg = Debug|Any CPU
		{F1D8850E-9290-4AFD-BE00-AD0EC82F45B6}.Debug|Any CPU.Build.0 = Debug|Any CPU
		{F1D8850E-9290-4AFD-BE00-AD0EC82F45B6}.Release|Any CPU.ActiveCfg = Release|Any CPU
		{F1D8850E-9290-4AFD-BE00-AD0EC82F45B6}.Release|Any CPU.Build.0 = Release|Any CPU
		{54D4CD18-05A8-49E4-B7FD-3C3EED932A8B}.Debug|Any CPU.ActiveCfg = Debug|Any CPU
		{54D4CD18-05A8-49E4-B7FD-3C3EED932A8B}.Debug|Any CPU.Build.0 = Debug|Any CPU
		{54D4CD18-05A8-49E4-B7FD-3C3EED932A8B}.Release|Any CPU.ActiveCfg = Release|Any CPU
		{54D4CD18-05A8-49E4-B7FD-3C3EED932A8B}.Release|Any CPU.Build.0 = Release|Any CPU
		{A35C7F9A-3EE0-4715-B1BA-B281815EF1DF}.Debug|Any CPU.ActiveCfg = Debug|Any CPU
		{A35C7F9A-3EE0-4715-B1BA-B281815EF1DF}.Debug|Any CPU.Build.0 = Debug|Any CPU
		{A35C7F9A-3EE0-4715-B1BA-B281815EF1DF}.Release|Any CPU.ActiveCfg = Release|Any CPU
		{A35C7F9A-3EE0-4715-B1BA-B281815EF1DF}.Release|Any CPU.Build.0 = Release|Any CPU
		{ADAC6059-326E-4F6D-8ECC-21B5BEBBF5E2}.Debug|Any CPU.ActiveCfg = Debug|Any CPU
		{ADAC6059-326E-4F6D-8ECC-21B5BEBBF5E2}.Debug|Any CPU.Build.0 = Debug|Any CPU
		{ADAC6059-326E-4F6D-8ECC-21B5BEBBF5E2}.Release|Any CPU.ActiveCfg = Release|Any CPU
		{ADAC6059-326E-4F6D-8ECC-21B5BEBBF5E2}.Release|Any CPU.Build.0 = Release|Any CPU
	EndGlobalSection
	GlobalSection(NestedProjects) = preSolution
		{2E32FFA4-F453-4CF1-86C8-D1C9551F4BEE} = {4A5844AD-0C34-4147-82CF-75CEC7F39642}
		{C307A09E-7795-47DF-ADA2-ADE71857D9DE} = {4A5844AD-0C34-4147-82CF-75CEC7F39642}
		{AEA8A8D7-C989-4978-8F03-7579C47111E4} = {4A5844AD-0C34-4147-82CF-75CEC7F39642}
		{00BF4A44-F8E5-43E4-83C7-7B216242802B} = {4A5844AD-0C34-4147-82CF-75CEC7F39642}
		{6DB52252-E8C5-4C2C-BE6C-58281A35E38C} = {2AA3CA9B-7F37-4D4C-B79D-AF928FF02831}
		{FC471085-86DB-4BD3-8EFA-4BCB9D458960} = {2AA3CA9B-7F37-4D4C-B79D-AF928FF02831}
		{F21D6BA2-B878-48D4-95FA-FC6AFF6840BB} = {2AA3CA9B-7F37-4D4C-B79D-AF928FF02831}
		{3CBF6C12-03DD-4B2E-BF5C-4631FFBCBF08} = {2AA3CA9B-7F37-4D4C-B79D-AF928FF02831}
		{E1E8B8C3-7DBC-467B-B0E8-344E388B2AE8} = {2AA3CA9B-7F37-4D4C-B79D-AF928FF02831}
		{2AA3CA9B-7F37-4D4C-B79D-AF928FF02831} = {D5B5A629-B051-4E87-A71C-036D1516C764}
		{4A5844AD-0C34-4147-82CF-75CEC7F39642} = {D5B5A629-B051-4E87-A71C-036D1516C764}
		{00C2CCCA-D57E-49B1-A839-EF693B9D0D4D} = {D5B5A629-B051-4E87-A71C-036D1516C764}
		{476EE6C5-1016-447D-B529-478CA95C970E} = {00C2CCCA-D57E-49B1-A839-EF693B9D0D4D}
		{E1CDFC76-ADCE-414F-9646-862D175DCFC6} = {00C2CCCA-D57E-49B1-A839-EF693B9D0D4D}
		{E2CCAAD6-4725-4FB4-BAC6-3834518C5743} = {B6BFD5C1-444D-44CA-A43E-4E7094220071}
		{4C0AD686-15A3-497E-B524-606038F69296} = {B6BFD5C1-444D-44CA-A43E-4E7094220071}
		{41BC3AB7-F060-4CFB-ACA2-671020A5F802} = {B6BFD5C1-444D-44CA-A43E-4E7094220071}
		{748ECEA7-E499-43E2-90A3-5BFC4DA6A85F} = {41BC3AB7-F060-4CFB-ACA2-671020A5F802}
		{13FCCB3F-0789-4741-B421-588F95D40F38} = {2AA3CA9B-7F37-4D4C-B79D-AF928FF02831}
		{C5380B5C-DB61-4DD6-BEA8-9F8988BCFD23} = {4C0AD686-15A3-497E-B524-606038F69296}
		{7F4ECC44-05F0-454F-ABD8-74E7FA75913C} = {E2CCAAD6-4725-4FB4-BAC6-3834518C5743}
		{5EBBEF69-2471-4EE7-88FD-32C6725DD0F9} = {E2CCAAD6-4725-4FB4-BAC6-3834518C5743}
		{604B1AED-9924-4A3C-A468-490430169B31} = {E2CCAAD6-4725-4FB4-BAC6-3834518C5743}
		{F1D8850E-9290-4AFD-BE00-AD0EC82F45B6} = {4C0AD686-15A3-497E-B524-606038F69296}
		{54D4CD18-05A8-49E4-B7FD-3C3EED932A8B} = {E2CCAAD6-4725-4FB4-BAC6-3834518C5743}
		{A35C7F9A-3EE0-4715-B1BA-B281815EF1DF} = {E2CCAAD6-4725-4FB4-BAC6-3834518C5743}
		{ADAC6059-326E-4F6D-8ECC-21B5BEBBF5E2} = {4C0AD686-15A3-497E-B524-606038F69296}
	EndGlobalSection
EndGlobal
