
Microsoft Visual Studio Solution File, Format Version 12.00
Project("{FAE04EC0-301F-11D3-BF4B-00C04F79EFBC}") = "Kirel.Identity.Core", "Kirel.Identity.Core\Kirel.Identity.Core.csproj", "{FC471085-86DB-4BD3-8EFA-4BCB9D458960}"
EndProject
Project("{FAE04EC0-301F-11D3-BF4B-00C04F79EFBC}") = "Kirel.Identity.Controllers", "Kirel.Identity.Controllers\Kirel.Identity.Controllers.csproj", "{6DB52252-E8C5-4C2C-BE6C-58281A35E38C}"
EndProject
Project("{FAE04EC0-301F-11D3-BF4B-00C04F79EFBC}") = "Kirel.Identity.DTOs", "Kirel.Identity.DTOs\Kirel.Identity.DTOs.csproj", "{E1CDFC76-ADCE-414F-9646-862D175DCFC6}"
EndProject
Project("{FAE04EC0-301F-11D3-BF4B-00C04F79EFBC}") = "Kirel.Identity.Jwt.Core", "Kirel.Identity.Jwt.Core\Kirel.Identity.Jwt.Core.csproj", "{E1E8B8C3-7DBC-467B-B0E8-344E388B2AE8}"
EndProject
Project("{FAE04EC0-301F-11D3-BF4B-00C04F79EFBC}") = "Kirel.Identity.Jwt.DTOs", "Kirel.Identity.Jwt.DTOs\Kirel.Identity.Jwt.DTOs.csproj", "{476EE6C5-1016-447D-B529-478CA95C970E}"
EndProject
Project("{FAE04EC0-301F-11D3-BF4B-00C04F79EFBC}") = "Kirel.Identity.Jwt.Controllers", "Kirel.Identity.Jwt.Controllers\Kirel.Identity.Jwt.Controllers.csproj", "{3CBF6C12-03DD-4B2E-BF5C-4631FFBCBF08}"
EndProject
Project("{FAE04EC0-301F-11D3-BF4B-00C04F79EFBC}") = "Example.API", "Example.API\Example.API.csproj", "{27355F44-0D46-450E-BA7E-1DA7DF9FE4E2}"
EndProject
Project("{FAE04EC0-301F-11D3-BF4B-00C04F79EFBC}") = "Kirel.Identity.Exceptions", "Kirel.Identity.Exceptions\Kirel.Identity.Exceptions.csproj", "{F21D6BA2-B878-48D4-95FA-FC6AFF6840BB}"
EndProject
Project("{FAE04EC0-301F-11D3-BF4B-00C04F79EFBC}") = "Kirel.Identity.Middlewares", "Kirel.Identity.Middlewares\Kirel.Identity.Middlewares.csproj", "{0A41F376-9847-4973-97A7-5832098B851B}"
EndProject
Project("{FAE04EC0-301F-11D3-BF4B-00C04F79EFBC}") = "Example.Blazor.Jwt", "Example.Blazor.Jwt\Example.Blazor.Jwt.csproj", "{748ECEA7-E499-43E2-90A3-5BFC4DA6A85F}"
EndProject
Project("{FAE04EC0-301F-11D3-BF4B-00C04F79EFBC}") = "Kirel.Identity.Client.Blazor", "Kirel.Identity.Client.Blazor\Kirel.Identity.Client.Blazor.csproj", "{C307A09E-7795-47DF-ADA2-ADE71857D9DE}"
EndProject
Project("{FAE04EC0-301F-11D3-BF4B-00C04F79EFBC}") = "Kirel.Identity.Client", "Kirel.Identity.Client\Kirel.Identity.Client.csproj", "{2E32FFA4-F453-4CF1-86C8-D1C9551F4BEE}"
EndProject
Project("{FAE04EC0-301F-11D3-BF4B-00C04F79EFBC}") = "Kirel.Identity.Client.Jwt", "Kirel.Identity.Client.Jwt\Kirel.Identity.Client.Jwt.csproj", "{00BF4A44-F8E5-43E4-83C7-7B216242802B}"
EndProject
Project("{FAE04EC0-301F-11D3-BF4B-00C04F79EFBC}") = "Example.DTOs", "Example.DTOs\Example.DTOs.csproj", "{6B24D652-CA24-48DD-933F-327D3D78E60C}"
EndProject
Project("{FAE04EC0-301F-11D3-BF4B-00C04F79EFBC}") = "Kirel.Identity.Client.Blazor.Pages", "Kirel.Identity.Client.Blazor.Pages\Kirel.Identity.Client.Blazor.Pages.csproj", "{AEA8A8D7-C989-4978-8F03-7579C47111E4}"
EndProject
Project("{2150E333-8FDC-42A3-9474-1A3956D46DE8}") = "Frontend", "Frontend", "{4A5844AD-0C34-4147-82CF-75CEC7F39642}"
EndProject
Project("{2150E333-8FDC-42A3-9474-1A3956D46DE8}") = "Backend", "Backend", "{2AA3CA9B-7F37-4D4C-B79D-AF928FF02831}"
EndProject
Project("{2150E333-8FDC-42A3-9474-1A3956D46DE8}") = "Example", "Example", "{AE7ACDDA-37A5-4514-8FBC-8A5A39A3B65F}"
EndProject
Project("{2150E333-8FDC-42A3-9474-1A3956D46DE8}") = "Libraries", "Libraries", "{D5B5A629-B051-4E87-A71C-036D1516C764}"
EndProject
Project("{2150E333-8FDC-42A3-9474-1A3956D46DE8}") = "Shared", "Shared", "{00C2CCCA-D57E-49B1-A839-EF693B9D0D4D}"
EndProject
Global
	GlobalSection(SolutionConfigurationPlatforms) = preSolution
		Debug|Any CPU = Debug|Any CPU
		Release|Any CPU = Release|Any CPU
	EndGlobalSection
	GlobalSection(ProjectConfigurationPlatforms) = postSolution
		{FC471085-86DB-4BD3-8EFA-4BCB9D458960}.Debug|Any CPU.ActiveCfg = Debug|Any CPU
		{FC471085-86DB-4BD3-8EFA-4BCB9D458960}.Debug|Any CPU.Build.0 = Debug|Any CPU
		{FC471085-86DB-4BD3-8EFA-4BCB9D458960}.Release|Any CPU.ActiveCfg = Release|Any CPU
		{FC471085-86DB-4BD3-8EFA-4BCB9D458960}.Release|Any CPU.Build.0 = Release|Any CPU
		{6DB52252-E8C5-4C2C-BE6C-58281A35E38C}.Debug|Any CPU.ActiveCfg = Debug|Any CPU
		{6DB52252-E8C5-4C2C-BE6C-58281A35E38C}.Debug|Any CPU.Build.0 = Debug|Any CPU
		{6DB52252-E8C5-4C2C-BE6C-58281A35E38C}.Release|Any CPU.ActiveCfg = Release|Any CPU
		{6DB52252-E8C5-4C2C-BE6C-58281A35E38C}.Release|Any CPU.Build.0 = Release|Any CPU
		{E1CDFC76-ADCE-414F-9646-862D175DCFC6}.Debug|Any CPU.ActiveCfg = Debug|Any CPU
		{E1CDFC76-ADCE-414F-9646-862D175DCFC6}.Debug|Any CPU.Build.0 = Debug|Any CPU
		{E1CDFC76-ADCE-414F-9646-862D175DCFC6}.Release|Any CPU.ActiveCfg = Release|Any CPU
		{E1CDFC76-ADCE-414F-9646-862D175DCFC6}.Release|Any CPU.Build.0 = Release|Any CPU
		{E1E8B8C3-7DBC-467B-B0E8-344E388B2AE8}.Debug|Any CPU.ActiveCfg = Debug|Any CPU
		{E1E8B8C3-7DBC-467B-B0E8-344E388B2AE8}.Debug|Any CPU.Build.0 = Debug|Any CPU
		{E1E8B8C3-7DBC-467B-B0E8-344E388B2AE8}.Release|Any CPU.ActiveCfg = Release|Any CPU
		{E1E8B8C3-7DBC-467B-B0E8-344E388B2AE8}.Release|Any CPU.Build.0 = Release|Any CPU
		{476EE6C5-1016-447D-B529-478CA95C970E}.Debug|Any CPU.ActiveCfg = Debug|Any CPU
		{476EE6C5-1016-447D-B529-478CA95C970E}.Debug|Any CPU.Build.0 = Debug|Any CPU
		{476EE6C5-1016-447D-B529-478CA95C970E}.Release|Any CPU.ActiveCfg = Release|Any CPU
		{476EE6C5-1016-447D-B529-478CA95C970E}.Release|Any CPU.Build.0 = Release|Any CPU
		{3CBF6C12-03DD-4B2E-BF5C-4631FFBCBF08}.Debug|Any CPU.ActiveCfg = Debug|Any CPU
		{3CBF6C12-03DD-4B2E-BF5C-4631FFBCBF08}.Debug|Any CPU.Build.0 = Debug|Any CPU
		{3CBF6C12-03DD-4B2E-BF5C-4631FFBCBF08}.Release|Any CPU.ActiveCfg = Release|Any CPU
		{3CBF6C12-03DD-4B2E-BF5C-4631FFBCBF08}.Release|Any CPU.Build.0 = Release|Any CPU
		{27355F44-0D46-450E-BA7E-1DA7DF9FE4E2}.Debug|Any CPU.ActiveCfg = Debug|Any CPU
		{27355F44-0D46-450E-BA7E-1DA7DF9FE4E2}.Debug|Any CPU.Build.0 = Debug|Any CPU
		{27355F44-0D46-450E-BA7E-1DA7DF9FE4E2}.Release|Any CPU.ActiveCfg = Release|Any CPU
		{27355F44-0D46-450E-BA7E-1DA7DF9FE4E2}.Release|Any CPU.Build.0 = Release|Any CPU
		{F21D6BA2-B878-48D4-95FA-FC6AFF6840BB}.Debug|Any CPU.ActiveCfg = Debug|Any CPU
		{F21D6BA2-B878-48D4-95FA-FC6AFF6840BB}.Debug|Any CPU.Build.0 = Debug|Any CPU
		{F21D6BA2-B878-48D4-95FA-FC6AFF6840BB}.Release|Any CPU.ActiveCfg = Release|Any CPU
		{F21D6BA2-B878-48D4-95FA-FC6AFF6840BB}.Release|Any CPU.Build.0 = Release|Any CPU
		{0A41F376-9847-4973-97A7-5832098B851B}.Debug|Any CPU.ActiveCfg = Debug|Any CPU
		{0A41F376-9847-4973-97A7-5832098B851B}.Debug|Any CPU.Build.0 = Debug|Any CPU
		{0A41F376-9847-4973-97A7-5832098B851B}.Release|Any CPU.ActiveCfg = Release|Any CPU
		{0A41F376-9847-4973-97A7-5832098B851B}.Release|Any CPU.Build.0 = Release|Any CPU
		{748ECEA7-E499-43E2-90A3-5BFC4DA6A85F}.Debug|Any CPU.ActiveCfg = Debug|Any CPU
		{748ECEA7-E499-43E2-90A3-5BFC4DA6A85F}.Debug|Any CPU.Build.0 = Debug|Any CPU
		{748ECEA7-E499-43E2-90A3-5BFC4DA6A85F}.Release|Any CPU.ActiveCfg = Release|Any CPU
		{748ECEA7-E499-43E2-90A3-5BFC4DA6A85F}.Release|Any CPU.Build.0 = Release|Any CPU
		{C307A09E-7795-47DF-ADA2-ADE71857D9DE}.Debug|Any CPU.ActiveCfg = Debug|Any CPU
		{C307A09E-7795-47DF-ADA2-ADE71857D9DE}.Debug|Any CPU.Build.0 = Debug|Any CPU
		{C307A09E-7795-47DF-ADA2-ADE71857D9DE}.Release|Any CPU.ActiveCfg = Release|Any CPU
		{C307A09E-7795-47DF-ADA2-ADE71857D9DE}.Release|Any CPU.Build.0 = Release|Any CPU
		{2E32FFA4-F453-4CF1-86C8-D1C9551F4BEE}.Debug|Any CPU.ActiveCfg = Debug|Any CPU
		{2E32FFA4-F453-4CF1-86C8-D1C9551F4BEE}.Debug|Any CPU.Build.0 = Debug|Any CPU
		{2E32FFA4-F453-4CF1-86C8-D1C9551F4BEE}.Release|Any CPU.ActiveCfg = Release|Any CPU
		{2E32FFA4-F453-4CF1-86C8-D1C9551F4BEE}.Release|Any CPU.Build.0 = Release|Any CPU
		{00BF4A44-F8E5-43E4-83C7-7B216242802B}.Debug|Any CPU.ActiveCfg = Debug|Any CPU
		{00BF4A44-F8E5-43E4-83C7-7B216242802B}.Debug|Any CPU.Build.0 = Debug|Any CPU
		{00BF4A44-F8E5-43E4-83C7-7B216242802B}.Release|Any CPU.ActiveCfg = Release|Any CPU
		{00BF4A44-F8E5-43E4-83C7-7B216242802B}.Release|Any CPU.Build.0 = Release|Any CPU
		{6B24D652-CA24-48DD-933F-327D3D78E60C}.Debug|Any CPU.ActiveCfg = Debug|Any CPU
		{6B24D652-CA24-48DD-933F-327D3D78E60C}.Debug|Any CPU.Build.0 = Debug|Any CPU
		{6B24D652-CA24-48DD-933F-327D3D78E60C}.Release|Any CPU.ActiveCfg = Release|Any CPU
		{6B24D652-CA24-48DD-933F-327D3D78E60C}.Release|Any CPU.Build.0 = Release|Any CPU
		{AEA8A8D7-C989-4978-8F03-7579C47111E4}.Debug|Any CPU.ActiveCfg = Debug|Any CPU
		{AEA8A8D7-C989-4978-8F03-7579C47111E4}.Debug|Any CPU.Build.0 = Debug|Any CPU
		{AEA8A8D7-C989-4978-8F03-7579C47111E4}.Release|Any CPU.ActiveCfg = Release|Any CPU
		{AEA8A8D7-C989-4978-8F03-7579C47111E4}.Release|Any CPU.Build.0 = Release|Any CPU
	EndGlobalSection
	GlobalSection(NestedProjects) = preSolution
		{2E32FFA4-F453-4CF1-86C8-D1C9551F4BEE} = {4A5844AD-0C34-4147-82CF-75CEC7F39642}
		{C307A09E-7795-47DF-ADA2-ADE71857D9DE} = {4A5844AD-0C34-4147-82CF-75CEC7F39642}
		{AEA8A8D7-C989-4978-8F03-7579C47111E4} = {4A5844AD-0C34-4147-82CF-75CEC7F39642}
		{00BF4A44-F8E5-43E4-83C7-7B216242802B} = {4A5844AD-0C34-4147-82CF-75CEC7F39642}
		{6DB52252-E8C5-4C2C-BE6C-58281A35E38C} = {2AA3CA9B-7F37-4D4C-B79D-AF928FF02831}
		{FC471085-86DB-4BD3-8EFA-4BCB9D458960} = {2AA3CA9B-7F37-4D4C-B79D-AF928FF02831}
		{F21D6BA2-B878-48D4-95FA-FC6AFF6840BB} = {2AA3CA9B-7F37-4D4C-B79D-AF928FF02831}
		{3CBF6C12-03DD-4B2E-BF5C-4631FFBCBF08} = {2AA3CA9B-7F37-4D4C-B79D-AF928FF02831}
		{E1E8B8C3-7DBC-467B-B0E8-344E388B2AE8} = {2AA3CA9B-7F37-4D4C-B79D-AF928FF02831}
		{0A41F376-9847-4973-97A7-5832098B851B} = {2AA3CA9B-7F37-4D4C-B79D-AF928FF02831}
		{27355F44-0D46-450E-BA7E-1DA7DF9FE4E2} = {AE7ACDDA-37A5-4514-8FBC-8A5A39A3B65F}
		{748ECEA7-E499-43E2-90A3-5BFC4DA6A85F} = {AE7ACDDA-37A5-4514-8FBC-8A5A39A3B65F}
		{6B24D652-CA24-48DD-933F-327D3D78E60C} = {AE7ACDDA-37A5-4514-8FBC-8A5A39A3B65F}
		{2AA3CA9B-7F37-4D4C-B79D-AF928FF02831} = {D5B5A629-B051-4E87-A71C-036D1516C764}
		{4A5844AD-0C34-4147-82CF-75CEC7F39642} = {D5B5A629-B051-4E87-A71C-036D1516C764}
		{00C2CCCA-D57E-49B1-A839-EF693B9D0D4D} = {D5B5A629-B051-4E87-A71C-036D1516C764}
		{476EE6C5-1016-447D-B529-478CA95C970E} = {00C2CCCA-D57E-49B1-A839-EF693B9D0D4D}
		{E1CDFC76-ADCE-414F-9646-862D175DCFC6} = {00C2CCCA-D57E-49B1-A839-EF693B9D0D4D}
	EndGlobalSection
EndGlobal
